
Microsoft Visual Studio Solution File, Format Version 12.00
# Visual Studio Version 17
VisualStudioVersion = 17.6.33815.320
MinimumVisualStudioVersion = 10.0.40219.1
Project("{FAE04EC0-301F-11D3-BF4B-00C04F79EFBC}") = "tetris", "tetris\tetris.csproj", "{98513F9F-92A1-4E32-9F81-C43960F35860}"
EndProject
Global
	GlobalSection(SolutionConfigurationPlatforms) = preSolution
		Debug|Any CPU = Debug|Any CPU
		Release|Any CPU = Release|Any CPU
	EndGlobalSection
	GlobalSection(ProjectConfigurationPlatforms) = postSolution
		{98513F9F-92A1-4E32-9F81-C43960F35860}.Debug|Any CPU.ActiveCfg = Debug|Any CPU
		{98513F9F-92A1-4E32-9F81-C43960F35860}.Debug|Any CPU.Build.0 = Debug|Any CPU
		{98513F9F-92A1-4E32-9F81-C43960F35860}.Release|Any CPU.ActiveCfg = Release|Any CPU
		{98513F9F-92A1-4E32-9F81-C43960F35860}.Release|Any CPU.Build.0 = Release|Any CPU
	EndGlobalSection
	GlobalSection(SolutionProperties) = preSolution
		HideSolutionNode = FALSE
	EndGlobalSection
	GlobalSection(ExtensibilityGlobals) = postSolution
		SolutionGuid = {6DE897EF-F1D4-4073-8DEC-E5863FFDE606}
	EndGlobalSection
EndGlobal
